{
  "name": "markdown-it-music",
  "version": "0.0.1",
  "lockfileVersion": 1,
  "requires": true,
  "dependencies": {
    "abcjs": {
      "version": "5.3.5",
      "resolved": "https://registry.npmjs.org/abcjs/-/abcjs-5.3.5.tgz",
      "integrity": "sha512-MvHu4/NFvoJfqVNRtNID212Tdy5k5vBN9IB7srqh5K+3qZtQut8YHw4GutP9udiu9qCaTNWBNOXnEByfVqUTzg==",
      "requires": {
        "midi": "git+https://github.com/paulrosen/MIDI.js.git#e593ffef81a0350f99448e3ab8111957145ff6b2"
      }
    },
    "midi": {
      "version": "git+https://github.com/paulrosen/MIDI.js.git#e593ffef81a0350f99448e3ab8111957145ff6b2",
      "from": "git+https://github.com/paulrosen/MIDI.js.git#abcjs"
    }
  }
}
